
Microsoft Visual Studio Solution File, Format Version 12.00
# Visual Studio 15
VisualStudioVersion = 15.0.26430.12
MinimumVisualStudioVersion = 10.0.40219.1
Project("{2150E333-8FDC-42A3-9474-1A3956D46DE8}") = "Solution Items", "Solution Items", "{B65D0744-3BE9-4B13-A7D4-1D30E2587DD9}"
	ProjectSection(SolutionItems) = preProject
		README.md = README.md
	EndProjectSection
EndProject
Project("{9A19103F-16F7-4668-BE54-9A1E7A4F7556}") = "Azure.Data.Wrappers", "Azure.Data.Wrappers\Azure.Data.Wrappers.csproj", "{C73C757E-D847-459E-BEC1-AF681E0F1341}"
EndProject
Project("{9A19103F-16F7-4668-BE54-9A1E7A4F7556}") = "Azure.Data.Wrappers.Test", "Azure.Data.Wrappers.Test\Azure.Data.Wrappers.Test.csproj", "{D8AE1424-0ED0-4475-B915-0A5FF3BD02E4}"
EndProject
Global
	GlobalSection(SolutionConfigurationPlatforms) = preSolution
		Debug|Any CPU = Debug|Any CPU
		Release|Any CPU = Release|Any CPU
	EndGlobalSection
	GlobalSection(ProjectConfigurationPlatforms) = postSolution
		{C73C757E-D847-459E-BEC1-AF681E0F1341}.Debug|Any CPU.ActiveCfg = Debug|Any CPU
		{C73C757E-D847-459E-BEC1-AF681E0F1341}.Debug|Any CPU.Build.0 = Debug|Any CPU
		{C73C757E-D847-459E-BEC1-AF681E0F1341}.Release|Any CPU.ActiveCfg = Release|Any CPU
		{C73C757E-D847-459E-BEC1-AF681E0F1341}.Release|Any CPU.Build.0 = Release|Any CPU
		{D8AE1424-0ED0-4475-B915-0A5FF3BD02E4}.Debug|Any CPU.ActiveCfg = Debug|Any CPU
		{D8AE1424-0ED0-4475-B915-0A5FF3BD02E4}.Debug|Any CPU.Build.0 = Debug|Any CPU
		{D8AE1424-0ED0-4475-B915-0A5FF3BD02E4}.Release|Any CPU.ActiveCfg = Release|Any CPU
		{D8AE1424-0ED0-4475-B915-0A5FF3BD02E4}.Release|Any CPU.Build.0 = Release|Any CPU
	EndGlobalSection
	GlobalSection(SolutionProperties) = preSolution
		HideSolutionNode = FALSE
	EndGlobalSection
EndGlobal
