
Microsoft Visual Studio Solution File, Format Version 12.00
# Visual Studio 2013
VisualStudioVersion = 12.0.30501.0
MinimumVisualStudioVersion = 10.0.40219.1
Project("{FAE04EC0-301F-11D3-BF4B-00C04F79EFBC}") = "King.Azure", "King.Azure\King.Azure.csproj", "{878A0CE3-D0CF-4678-82AF-E1B48948FEDB}"
EndProject
Project("{2150E333-8FDC-42A3-9474-1A3956D46DE8}") = ".nuget", ".nuget", "{71550287-4FBD-4473-A737-9465A782BB60}"
	ProjectSection(SolutionItems) = preProject
		.nuget\NuGet.Config = .nuget\NuGet.Config
		.nuget\NuGet.exe = .nuget\NuGet.exe
		.nuget\NuGet.targets = .nuget\NuGet.targets
	EndProjectSection
EndProject
Project("{2150E333-8FDC-42A3-9474-1A3956D46DE8}") = "Testing", "Testing", "{06A1706D-4F93-4BA6-9D64-39887D1B64A8}"
EndProject
Project("{FAE04EC0-301F-11D3-BF4B-00C04F79EFBC}") = "King.Azure.Unit.Test", "King.Azure.Unit.Test\King.Azure.Unit.Test.csproj", "{2B927887-8F8A-4169-89CC-2BF955D77D3C}"
EndProject
Global
	GlobalSection(SolutionConfigurationPlatforms) = preSolution
		Debug|Any CPU = Debug|Any CPU
		Release|Any CPU = Release|Any CPU
	EndGlobalSection
	GlobalSection(ProjectConfigurationPlatforms) = postSolution
		{878A0CE3-D0CF-4678-82AF-E1B48948FEDB}.Debug|Any CPU.ActiveCfg = Debug|Any CPU
		{878A0CE3-D0CF-4678-82AF-E1B48948FEDB}.Debug|Any CPU.Build.0 = Debug|Any CPU
		{878A0CE3-D0CF-4678-82AF-E1B48948FEDB}.Release|Any CPU.ActiveCfg = Release|Any CPU
		{878A0CE3-D0CF-4678-82AF-E1B48948FEDB}.Release|Any CPU.Build.0 = Release|Any CPU
		{2B927887-8F8A-4169-89CC-2BF955D77D3C}.Debug|Any CPU.ActiveCfg = Debug|Any CPU
		{2B927887-8F8A-4169-89CC-2BF955D77D3C}.Debug|Any CPU.Build.0 = Debug|Any CPU
		{2B927887-8F8A-4169-89CC-2BF955D77D3C}.Release|Any CPU.ActiveCfg = Release|Any CPU
		{2B927887-8F8A-4169-89CC-2BF955D77D3C}.Release|Any CPU.Build.0 = Release|Any CPU
	EndGlobalSection
	GlobalSection(SolutionProperties) = preSolution
		HideSolutionNode = FALSE
	EndGlobalSection
	GlobalSection(NestedProjects) = preSolution
		{2B927887-8F8A-4169-89CC-2BF955D77D3C} = {06A1706D-4F93-4BA6-9D64-39887D1B64A8}
	EndGlobalSection
EndGlobal
